{
  "name": "nice-node-logger",
  "version": "0.0.7",
  "lockfileVersion": 2,
  "requires": true,
  "packages": {
    "": {
      "name": "nice-node-logger",
      "version": "0.0.7",
      "license": "MIT",
      "devDependencies": {
        "nice-node-logger": "^0.0.7",
        "typescript": "^4.5.2"
      }
    },
    "node_modules/nice-node-logger": {
      "version": "0.0.7",
      "resolved": "https://registry.npmjs.org/nice-node-logger/-/nice-node-logger-0.0.7.tgz",
      "integrity": "sha512-htVdyWiZch+ZrxN2qcaWkma/innMIRaLyiuNBmoCJIBQ4D/uGBuBu6M4u6HQczfxykxwjTgvgKz8MCR5CMau2w==",
      "dev": true
    },
    "node_modules/typescript": {
      "version": "4.5.2",
      "resolved": "https://registry.npmjs.org/typescript/-/typescript-4.5.2.tgz",
      "integrity": "sha512-5BlMof9H1yGt0P8/WF+wPNw6GfctgGjXp5hkblpyT+8rkASSmkUKMXrxR0Xg8ThVCi/JnHQiKXeBaEwCeQwMFw==",
      "dev": true,
      "bin": {
        "tsc": "bin/tsc",
        "tsserver": "bin/tsserver"
      },
      "engines": {
        "node": ">=4.2.0"
      }
    }
  },
  "dependencies": {
    "nice-node-logger": {
      "version": "0.0.7",
      "resolved": "https://registry.npmjs.org/nice-node-logger/-/nice-node-logger-0.0.7.tgz",
      "integrity": "sha512-htVdyWiZch+ZrxN2qcaWkma/innMIRaLyiuNBmoCJIBQ4D/uGBuBu6M4u6HQczfxykxwjTgvgKz8MCR5CMau2w==",
      "dev": true
    },
    "typescript": {
      "version": "4.5.2",
      "resolved": "https://registry.npmjs.org/typescript/-/typescript-4.5.2.tgz",
      "integrity": "sha512-5BlMof9H1yGt0P8/WF+wPNw6GfctgGjXp5hkblpyT+8rkASSmkUKMXrxR0Xg8ThVCi/JnHQiKXeBaEwCeQwMFw==",
      "dev": true
    }
  }
}
